
Microsoft Visual Studio Solution File, Format Version 12.00
# Visual Studio 2012
Project("{FAE04EC0-301F-11D3-BF4B-00C04F79EFBC}") = "GenericDbRoleProvider", "GenericDBRoleProvider\GenericDbRoleProvider.csproj", "{C83715FF-A02B-40EA-B2F6-A2DCECBB0F9D}"
EndProject
Project("{2150E333-8FDC-42A3-9474-1A3956D46DE8}") = "Solution Items", "Solution Items", "{1A298930-F645-412E-8E3F-D52B038BA6B0}"
	ProjectSection(SolutionItems) = preProject
		README.md = README.md
	EndProjectSection
EndProject
Project("{2150E333-8FDC-42A3-9474-1A3956D46DE8}") = ".nuget", ".nuget", "{52663AC1-34C8-4B07-A53D-33B7D5E0322F}"
	ProjectSection(SolutionItems) = preProject
		.nuget\NuGet.Config = .nuget\NuGet.Config
		.nuget\NuGet.exe = .nuget\NuGet.exe
		.nuget\NuGet.targets = .nuget\NuGet.targets
	EndProjectSection
EndProject
Global
	GlobalSection(SolutionConfigurationPlatforms) = preSolution
		Debug|Any CPU = Debug|Any CPU
		Release|Any CPU = Release|Any CPU
	EndGlobalSection
	GlobalSection(ProjectConfigurationPlatforms) = postSolution
		{C83715FF-A02B-40EA-B2F6-A2DCECBB0F9D}.Debug|Any CPU.ActiveCfg = Debug|Any CPU
		{C83715FF-A02B-40EA-B2F6-A2DCECBB0F9D}.Debug|Any CPU.Build.0 = Debug|Any CPU
		{C83715FF-A02B-40EA-B2F6-A2DCECBB0F9D}.Release|Any CPU.ActiveCfg = Release|Any CPU
		{C83715FF-A02B-40EA-B2F6-A2DCECBB0F9D}.Release|Any CPU.Build.0 = Release|Any CPU
	EndGlobalSection
	GlobalSection(SolutionProperties) = preSolution
		HideSolutionNode = FALSE
	EndGlobalSection
EndGlobal
